// !$*UTF8*$!
{
	archiveVersion = 1;
	classes = {
	};
	objectVersion = 48;
	objects = {

/* Begin PBXBuildFile section */
		2B24ACD3206804D000050091 /* Splash.storyboard in Resources */ = {isa = PBXBuildFile; fileRef = 2B24ACD2206804D000050091 /* Splash.storyboard */; };
		2B24ACD4206804D000050091 /* Splash.storyboard in Resources */ = {isa = PBXBuildFile; fileRef = 2B24ACD2206804D000050091 /* Splash.storyboard */; };
		2B24ACD6206804EF00050091 /* SplashViewController.swift in Sources */ = {isa = PBXBuildFile; fileRef = 2B24ACD5206804EF00050091 /* SplashViewController.swift */; };
		2B24ACD7206804EF00050091 /* SplashViewController.swift in Sources */ = {isa = PBXBuildFile; fileRef = 2B24ACD5206804EF00050091 /* SplashViewController.swift */; };
		2B24ACDA206805AE00050091 /* Search.storyboard in Resources */ = {isa = PBXBuildFile; fileRef = 2B24ACD9206805AE00050091 /* Search.storyboard */; };
		2B24ACDB206805AE00050091 /* Search.storyboard in Resources */ = {isa = PBXBuildFile; fileRef = 2B24ACD9206805AE00050091 /* Search.storyboard */; };
		2B24ACDD206805E200050091 /* SearchViewController.swift in Sources */ = {isa = PBXBuildFile; fileRef = 2B24ACDC206805E200050091 /* SearchViewController.swift */; };
		2B24ACDE206805E200050091 /* SearchViewController.swift in Sources */ = {isa = PBXBuildFile; fileRef = 2B24ACDC206805E200050091 /* SearchViewController.swift */; };
		2B24ACE0206806AF00050091 /* TweetDetail.storyboard in Resources */ = {isa = PBXBuildFile; fileRef = 2B24ACDF206806AF00050091 /* TweetDetail.storyboard */; };
		2B24ACE1206806AF00050091 /* TweetDetail.storyboard in Resources */ = {isa = PBXBuildFile; fileRef = 2B24ACDF206806AF00050091 /* TweetDetail.storyboard */; };
		2B24ACE3206806C500050091 /* TweetDetailViewController.swift in Sources */ = {isa = PBXBuildFile; fileRef = 2B24ACE2206806C500050091 /* TweetDetailViewController.swift */; };
		2B24ACE4206806C500050091 /* TweetDetailViewController.swift in Sources */ = {isa = PBXBuildFile; fileRef = 2B24ACE2206806C500050091 /* TweetDetailViewController.swift */; };
		2B9B97212068141000062E9C /* R.generated.swift in Sources */ = {isa = PBXBuildFile; fileRef = 2B9B97202068141000062E9C /* R.generated.swift */; };
		2B9B97222068141000062E9C /* R.generated.swift in Sources */ = {isa = PBXBuildFile; fileRef = 2B9B97202068141000062E9C /* R.generated.swift */; };
		2B9B9728206816E300062E9C /* TweetCell.swift in Sources */ = {isa = PBXBuildFile; fileRef = 2B9B9726206816E300062E9C /* TweetCell.swift */; };
		2B9B9729206816E300062E9C /* TweetCell.swift in Sources */ = {isa = PBXBuildFile; fileRef = 2B9B9726206816E300062E9C /* TweetCell.swift */; };
		2B9B972A206816E300062E9C /* TweetCell.xib in Resources */ = {isa = PBXBuildFile; fileRef = 2B9B9727206816E300062E9C /* TweetCell.xib */; };
		2B9B972B206816E300062E9C /* TweetCell.xib in Resources */ = {isa = PBXBuildFile; fileRef = 2B9B9727206816E300062E9C /* TweetCell.xib */; };
		2B9B972E2068172900062E9C /* UIView+CornerRadius.swift in Sources */ = {isa = PBXBuildFile; fileRef = 2B9B972D2068172900062E9C /* UIView+CornerRadius.swift */; };
		2B9B972F2068172900062E9C /* UIView+CornerRadius.swift in Sources */ = {isa = PBXBuildFile; fileRef = 2B9B972D2068172900062E9C /* UIView+CornerRadius.swift */; };
		2B9B97322068237400062E9C /* Sizes.swift in Sources */ = {isa = PBXBuildFile; fileRef = 2B9B97312068237400062E9C /* Sizes.swift */; };
		2B9B97332068237400062E9C /* Sizes.swift in Sources */ = {isa = PBXBuildFile; fileRef = 2B9B97312068237400062E9C /* Sizes.swift */; };
		2B9B973920682CC200062E9C /* Tweet.swift in Sources */ = {isa = PBXBuildFile; fileRef = 2B9B973820682CC200062E9C /* Tweet.swift */; };
		2B9B973A20682CC200062E9C /* Tweet.swift in Sources */ = {isa = PBXBuildFile; fileRef = 2B9B973820682CC200062E9C /* Tweet.swift */; };
		2B9B973D2068453B00062E9C /* AuthState.swift in Sources */ = {isa = PBXBuildFile; fileRef = 2B9B973C2068453B00062E9C /* AuthState.swift */; };
		2B9B973E2068453B00062E9C /* AuthState.swift in Sources */ = {isa = PBXBuildFile; fileRef = 2B9B973C2068453B00062E9C /* AuthState.swift */; };
		2B9B97402068458A00062E9C /* AuthReducer.swift in Sources */ = {isa = PBXBuildFile; fileRef = 2B9B973F2068458A00062E9C /* AuthReducer.swift */; };
		2B9B97412068458A00062E9C /* AuthReducer.swift in Sources */ = {isa = PBXBuildFile; fileRef = 2B9B973F2068458A00062E9C /* AuthReducer.swift */; };
		2B9B9746206845E800062E9C /* AppState.swift in Sources */ = {isa = PBXBuildFile; fileRef = 2B9B9745206845E800062E9C /* AppState.swift */; };
		2B9B9747206845E800062E9C /* AppState.swift in Sources */ = {isa = PBXBuildFile; fileRef = 2B9B9745206845E800062E9C /* AppState.swift */; };
		2B9B9749206846CC00062E9C /* AuthAction.swift in Sources */ = {isa = PBXBuildFile; fileRef = 2B9B9748206846CC00062E9C /* AuthAction.swift */; };
		2B9B974C206C0A4300062E9C /* LoginProvider.swift in Sources */ = {isa = PBXBuildFile; fileRef = 2B9B974B206C0A4300062E9C /* LoginProvider.swift */; };
		2B9B974D206C0A4300062E9C /* LoginProvider.swift in Sources */ = {isa = PBXBuildFile; fileRef = 2B9B974B206C0A4300062E9C /* LoginProvider.swift */; };
		2B9B974F206C0D1400062E9C /* SafariServices.framework in Frameworks */ = {isa = PBXBuildFile; fileRef = 2B9B974E206C0D1400062E9C /* SafariServices.framework */; };
		2B9B9751206C0E0600062E9C /* Config.swift in Sources */ = {isa = PBXBuildFile; fileRef = 2B9B9750206C0E0600062E9C /* Config.swift */; };
		2B9B9752206C0E0600062E9C /* Config.swift in Sources */ = {isa = PBXBuildFile; fileRef = 2B9B9750206C0E0600062E9C /* Config.swift */; };
		2B9B9754206C134400062E9C /* Redux.swift in Sources */ = {isa = PBXBuildFile; fileRef = 2B9B9753206C134400062E9C /* Redux.swift */; };
		2B9B9755206C134400062E9C /* Redux.swift in Sources */ = {isa = PBXBuildFile; fileRef = 2B9B9753206C134400062E9C /* Redux.swift */; };
		2B9B9757206C14A100062E9C /* AppReducer.swift in Sources */ = {isa = PBXBuildFile; fileRef = 2B9B9756206C14A100062E9C /* AppReducer.swift */; };
		2B9B9758206C14A100062E9C /* AppReducer.swift in Sources */ = {isa = PBXBuildFile; fileRef = 2B9B9756206C14A100062E9C /* AppReducer.swift */; };
		2B9B9759206D74D400062E9C /* AuthAction.swift in Sources */ = {isa = PBXBuildFile; fileRef = 2B9B9748206846CC00062E9C /* AuthAction.swift */; };
		2B9B975C206D862F00062E9C /* Router.swift in Sources */ = {isa = PBXBuildFile; fileRef = 2B9B975B206D862F00062E9C /* Router.swift */; };
		2B9B975D206D862F00062E9C /* Router.swift in Sources */ = {isa = PBXBuildFile; fileRef = 2B9B975B206D862F00062E9C /* Router.swift */; };
		2B9B975F206D872200062E9C /* RootRoutable.swift in Sources */ = {isa = PBXBuildFile; fileRef = 2B9B975E206D872200062E9C /* RootRoutable.swift */; };
		2B9B9760206D872200062E9C /* RootRoutable.swift in Sources */ = {isa = PBXBuildFile; fileRef = 2B9B975E206D872200062E9C /* RootRoutable.swift */; };
		2B9B9762206D87AA00062E9C /* SplashViewRoutable.swift in Sources */ = {isa = PBXBuildFile; fileRef = 2B9B9761206D87AA00062E9C /* SplashViewRoutable.swift */; };
		2B9B9763206D87AA00062E9C /* SplashViewRoutable.swift in Sources */ = {isa = PBXBuildFile; fileRef = 2B9B9761206D87AA00062E9C /* SplashViewRoutable.swift */; };
		2B9B9765206D884A00062E9C /* SearchViewRoutable.swift in Sources */ = {isa = PBXBuildFile; fileRef = 2B9B9764206D884A00062E9C /* SearchViewRoutable.swift */; };
		2B9B9766206D884A00062E9C /* SearchViewRoutable.swift in Sources */ = {isa = PBXBuildFile; fileRef = 2B9B9764206D884A00062E9C /* SearchViewRoutable.swift */; };
		2B9B9768206D88D600062E9C /* TweetDetailViewRoutable.swift in Sources */ = {isa = PBXBuildFile; fileRef = 2B9B9767206D88D600062E9C /* TweetDetailViewRoutable.swift */; };
		2B9B9769206D88D600062E9C /* TweetDetailViewRoutable.swift in Sources */ = {isa = PBXBuildFile; fileRef = 2B9B9767206D88D600062E9C /* TweetDetailViewRoutable.swift */; };
		2B9B976B206D8FA900062E9C /* SearchState.swift in Sources */ = {isa = PBXBuildFile; fileRef = 2B9B976A206D8FA900062E9C /* SearchState.swift */; };
		2B9B976C206D8FA900062E9C /* SearchState.swift in Sources */ = {isa = PBXBuildFile; fileRef = 2B9B976A206D8FA900062E9C /* SearchState.swift */; };
		2B9B976E206D8FD200062E9C /* SearchAction.swift in Sources */ = {isa = PBXBuildFile; fileRef = 2B9B976D206D8FD200062E9C /* SearchAction.swift */; };
		2B9B976F206D8FD200062E9C /* SearchAction.swift in Sources */ = {isa = PBXBuildFile; fileRef = 2B9B976D206D8FD200062E9C /* SearchAction.swift */; };
		2B9B9771206D91BC00062E9C /* SearchReducer.swift in Sources */ = {isa = PBXBuildFile; fileRef = 2B9B9770206D91BC00062E9C /* SearchReducer.swift */; };
		2B9B9772206D91BC00062E9C /* SearchReducer.swift in Sources */ = {isa = PBXBuildFile; fileRef = 2B9B9770206D91BC00062E9C /* SearchReducer.swift */; };
		2B9B9774206D92E600062E9C /* SearchProvider.swift in Sources */ = {isa = PBXBuildFile; fileRef = 2B9B9773206D92E600062E9C /* SearchProvider.swift */; };
		2B9B9775206D92E600062E9C /* SearchProvider.swift in Sources */ = {isa = PBXBuildFile; fileRef = 2B9B9773206D92E600062E9C /* SearchProvider.swift */; };
		2B9B9777206F7CF400062E9C /* TwitterCredentials.swift in Sources */ = {isa = PBXBuildFile; fileRef = 2B9B9776206F7CF400062E9C /* TwitterCredentials.swift */; };
		2B9B9778206F7CF400062E9C /* TwitterCredentials.swift in Sources */ = {isa = PBXBuildFile; fileRef = 2B9B9776206F7CF400062E9C /* TwitterCredentials.swift */; };
		2B9B977A206F81A700062E9C /* String+Random.swift in Sources */ = {isa = PBXBuildFile; fileRef = 2B9B9779206F81A700062E9C /* String+Random.swift */; };
		2B9B977B206F81A700062E9C /* String+Random.swift in Sources */ = {isa = PBXBuildFile; fileRef = 2B9B9779206F81A700062E9C /* String+Random.swift */; };
		2B9B977D206F81F900062E9C /* OAuthTwitterHeader.swift in Sources */ = {isa = PBXBuildFile; fileRef = 2B9B977C206F81F900062E9C /* OAuthTwitterHeader.swift */; };
		2B9B977E206F81F900062E9C /* OAuthTwitterHeader.swift in Sources */ = {isa = PBXBuildFile; fileRef = 2B9B977C206F81F900062E9C /* OAuthTwitterHeader.swift */; };
		2B9B9780206F84A800062E9C /* String+PercentEncoding.swift in Sources */ = {isa = PBXBuildFile; fileRef = 2B9B977F206F84A800062E9C /* String+PercentEncoding.swift */; };
		2B9B9781206F84A800062E9C /* String+PercentEncoding.swift in Sources */ = {isa = PBXBuildFile; fileRef = 2B9B977F206F84A800062E9C /* String+PercentEncoding.swift */; };
		2BDA6D22206FBA81001D07BC /* Errors.swift in Sources */ = {isa = PBXBuildFile; fileRef = 2BDA6D21206FBA81001D07BC /* Errors.swift */; };
		2BDA6D23206FBA81001D07BC /* Errors.swift in Sources */ = {isa = PBXBuildFile; fileRef = 2BDA6D21206FBA81001D07BC /* Errors.swift */; };
		2BFFA6D320680154008112A7 /* AppDelegate.swift in Sources */ = {isa = PBXBuildFile; fileRef = 2BFFA6D220680154008112A7 /* AppDelegate.swift */; };
		2BFFA6DC20680154008112A7 /* Assets.xcassets in Resources */ = {isa = PBXBuildFile; fileRef = 2BFFA6DB20680154008112A7 /* Assets.xcassets */; };
		2BFFA6DF20680154008112A7 /* LaunchScreen.storyboard in Resources */ = {isa = PBXBuildFile; fileRef = 2BFFA6DD20680154008112A7 /* LaunchScreen.storyboard */; };
		2BFFA6EA20680155008112A7 /* Redux_TwitterTests.swift in Sources */ = {isa = PBXBuildFile; fileRef = 2BFFA6E920680155008112A7 /* Redux_TwitterTests.swift */; };
		3E6DC188FF5AB065B58768E4 /* Pods_Redux_Twitter.framework in Frameworks */ = {isa = PBXBuildFile; fileRef = 000DE063CA980A2C468C6F32 /* Pods_Redux_Twitter.framework */; };
		DC71E459F7BA07FA4B80D751 /* Pods_Redux_TwitterTests.framework in Frameworks */ = {isa = PBXBuildFile; fileRef = CECD103F104B54254AEC7CE5 /* Pods_Redux_TwitterTests.framework */; };
/* End PBXBuildFile section */

/* Begin PBXContainerItemProxy section */
		2BFFA6E620680155008112A7 /* PBXContainerItemProxy */ = {
			isa = PBXContainerItemProxy;
			containerPortal = 2BFFA6C720680154008112A7 /* Project object */;
			proxyType = 1;
			remoteGlobalIDString = 2BFFA6CE20680154008112A7;
			remoteInfo = "Redux-Twitter";
		};
/* End PBXContainerItemProxy section */

/* Begin PBXFileReference section */
		000D5FDD4111E1CD8DAA3F2C /* Pods-Redux-Twitter.debug.xcconfig */ = {isa = PBXFileReference; includeInIndex = 1; lastKnownFileType = text.xcconfig; name = "Pods-Redux-Twitter.debug.xcconfig"; path = "Pods/Target Support Files/Pods-Redux-Twitter/Pods-Redux-Twitter.debug.xcconfig"; sourceTree = "<group>"; };
		000DE063CA980A2C468C6F32 /* Pods_Redux_Twitter.framework */ = {isa = PBXFileReference; explicitFileType = wrapper.framework; includeInIndex = 0; path = Pods_Redux_Twitter.framework; sourceTree = BUILT_PRODUCTS_DIR; };
		0C3920D4C4680CC75A688675 /* Pods-Redux-TwitterTests.debug.xcconfig */ = {isa = PBXFileReference; includeInIndex = 1; lastKnownFileType = text.xcconfig; name = "Pods-Redux-TwitterTests.debug.xcconfig"; path = "Pods/Target Support Files/Pods-Redux-TwitterTests/Pods-Redux-TwitterTests.debug.xcconfig"; sourceTree = "<group>"; };
		2B24ACD2206804D000050091 /* Splash.storyboard */ = {isa = PBXFileReference; lastKnownFileType = file.storyboard; path = Splash.storyboard; sourceTree = "<group>"; };
		2B24ACD5206804EF00050091 /* SplashViewController.swift */ = {isa = PBXFileReference; lastKnownFileType = sourcecode.swift; path = SplashViewController.swift; sourceTree = "<group>"; };
		2B24ACD9206805AE00050091 /* Search.storyboard */ = {isa = PBXFileReference; lastKnownFileType = file.storyboard; path = Search.storyboard; sourceTree = "<group>"; };
		2B24ACDC206805E200050091 /* SearchViewController.swift */ = {isa = PBXFileReference; lastKnownFileType = sourcecode.swift; path = SearchViewController.swift; sourceTree = "<group>"; };
		2B24ACDF206806AF00050091 /* TweetDetail.storyboard */ = {isa = PBXFileReference; lastKnownFileType = file.storyboard; path = TweetDetail.storyboard; sourceTree = "<group>"; };
		2B24ACE2206806C500050091 /* TweetDetailViewController.swift */ = {isa = PBXFileReference; lastKnownFileType = sourcecode.swift; path = TweetDetailViewController.swift; sourceTree = "<group>"; };
		2B9B97202068141000062E9C /* R.generated.swift */ = {isa = PBXFileReference; fileEncoding = 4; lastKnownFileType = sourcecode.swift; path = R.generated.swift; sourceTree = SOURCE_ROOT; };
		2B9B9726206816E300062E9C /* TweetCell.swift */ = {isa = PBXFileReference; lastKnownFileType = sourcecode.swift; path = TweetCell.swift; sourceTree = "<group>"; };
		2B9B9727206816E300062E9C /* TweetCell.xib */ = {isa = PBXFileReference; lastKnownFileType = file.xib; path = TweetCell.xib; sourceTree = "<group>"; };
		2B9B972D2068172900062E9C /* UIView+CornerRadius.swift */ = {isa = PBXFileReference; lastKnownFileType = sourcecode.swift; path = "UIView+CornerRadius.swift"; sourceTree = "<group>"; };
		2B9B97312068237400062E9C /* Sizes.swift */ = {isa = PBXFileReference; lastKnownFileType = sourcecode.swift; path = Sizes.swift; sourceTree = "<group>"; };
		2B9B973820682CC200062E9C /* Tweet.swift */ = {isa = PBXFileReference; lastKnownFileType = sourcecode.swift; path = Tweet.swift; sourceTree = "<group>"; };
		2B9B973C2068453B00062E9C /* AuthState.swift */ = {isa = PBXFileReference; lastKnownFileType = sourcecode.swift; path = AuthState.swift; sourceTree = "<group>"; };
		2B9B973F2068458A00062E9C /* AuthReducer.swift */ = {isa = PBXFileReference; lastKnownFileType = sourcecode.swift; path = AuthReducer.swift; sourceTree = "<group>"; };
		2B9B9745206845E800062E9C /* AppState.swift */ = {isa = PBXFileReference; lastKnownFileType = sourcecode.swift; path = AppState.swift; sourceTree = "<group>"; };
		2B9B9748206846CC00062E9C /* AuthAction.swift */ = {isa = PBXFileReference; lastKnownFileType = sourcecode.swift; path = AuthAction.swift; sourceTree = "<group>"; };
		2B9B974B206C0A4300062E9C /* LoginProvider.swift */ = {isa = PBXFileReference; lastKnownFileType = sourcecode.swift; path = LoginProvider.swift; sourceTree = "<group>"; };
		2B9B974E206C0D1400062E9C /* SafariServices.framework */ = {isa = PBXFileReference; lastKnownFileType = wrapper.framework; name = SafariServices.framework; path = System/Library/Frameworks/SafariServices.framework; sourceTree = SDKROOT; };
		2B9B9750206C0E0600062E9C /* Config.swift */ = {isa = PBXFileReference; lastKnownFileType = sourcecode.swift; path = Config.swift; sourceTree = "<group>"; };
		2B9B9753206C134400062E9C /* Redux.swift */ = {isa = PBXFileReference; lastKnownFileType = sourcecode.swift; path = Redux.swift; sourceTree = "<group>"; };
		2B9B9756206C14A100062E9C /* AppReducer.swift */ = {isa = PBXFileReference; lastKnownFileType = sourcecode.swift; path = AppReducer.swift; sourceTree = "<group>"; };
		2B9B975B206D862F00062E9C /* Router.swift */ = {isa = PBXFileReference; lastKnownFileType = sourcecode.swift; path = Router.swift; sourceTree = "<group>"; };
		2B9B975E206D872200062E9C /* RootRoutable.swift */ = {isa = PBXFileReference; lastKnownFileType = sourcecode.swift; path = RootRoutable.swift; sourceTree = "<group>"; };
		2B9B9761206D87AA00062E9C /* SplashViewRoutable.swift */ = {isa = PBXFileReference; lastKnownFileType = sourcecode.swift; path = SplashViewRoutable.swift; sourceTree = "<group>"; };
		2B9B9764206D884A00062E9C /* SearchViewRoutable.swift */ = {isa = PBXFileReference; lastKnownFileType = sourcecode.swift; path = SearchViewRoutable.swift; sourceTree = "<group>"; };
		2B9B9767206D88D600062E9C /* TweetDetailViewRoutable.swift */ = {isa = PBXFileReference; lastKnownFileType = sourcecode.swift; path = TweetDetailViewRoutable.swift; sourceTree = "<group>"; };
		2B9B976A206D8FA900062E9C /* SearchState.swift */ = {isa = PBXFileReference; lastKnownFileType = sourcecode.swift; path = SearchState.swift; sourceTree = "<group>"; };
		2B9B976D206D8FD200062E9C /* SearchAction.swift */ = {isa = PBXFileReference; lastKnownFileType = sourcecode.swift; path = SearchAction.swift; sourceTree = "<group>"; };
		2B9B9770206D91BC00062E9C /* SearchReducer.swift */ = {isa = PBXFileReference; lastKnownFileType = sourcecode.swift; path = SearchReducer.swift; sourceTree = "<group>"; };
		2B9B9773206D92E600062E9C /* SearchProvider.swift */ = {isa = PBXFileReference; lastKnownFileType = sourcecode.swift; path = SearchProvider.swift; sourceTree = "<group>"; };
		2B9B9776206F7CF400062E9C /* TwitterCredentials.swift */ = {isa = PBXFileReference; lastKnownFileType = sourcecode.swift; path = TwitterCredentials.swift; sourceTree = "<group>"; };
		2B9B9779206F81A700062E9C /* String+Random.swift */ = {isa = PBXFileReference; lastKnownFileType = sourcecode.swift; path = "String+Random.swift"; sourceTree = "<group>"; };
		2B9B977C206F81F900062E9C /* OAuthTwitterHeader.swift */ = {isa = PBXFileReference; lastKnownFileType = sourcecode.swift; path = OAuthTwitterHeader.swift; sourceTree = "<group>"; };
		2B9B977F206F84A800062E9C /* String+PercentEncoding.swift */ = {isa = PBXFileReference; lastKnownFileType = sourcecode.swift; path = "String+PercentEncoding.swift"; sourceTree = "<group>"; };
		2BDA6D21206FBA81001D07BC /* Errors.swift */ = {isa = PBXFileReference; lastKnownFileType = sourcecode.swift; path = Errors.swift; sourceTree = "<group>"; };
		2BFFA6CF20680154008112A7 /* Redux-Twitter.app */ = {isa = PBXFileReference; explicitFileType = wrapper.application; includeInIndex = 0; path = "Redux-Twitter.app"; sourceTree = BUILT_PRODUCTS_DIR; };
		2BFFA6D220680154008112A7 /* AppDelegate.swift */ = {isa = PBXFileReference; lastKnownFileType = sourcecode.swift; path = AppDelegate.swift; sourceTree = "<group>"; };
		2BFFA6DB20680154008112A7 /* Assets.xcassets */ = {isa = PBXFileReference; lastKnownFileType = folder.assetcatalog; path = Assets.xcassets; sourceTree = "<group>"; };
		2BFFA6DE20680154008112A7 /* Base */ = {isa = PBXFileReference; lastKnownFileType = file.storyboard; name = Base; path = Base.lproj/LaunchScreen.storyboard; sourceTree = "<group>"; };
		2BFFA6E020680155008112A7 /* Info.plist */ = {isa = PBXFileReference; lastKnownFileType = text.plist.xml; path = Info.plist; sourceTree = "<group>"; };
		2BFFA6E520680155008112A7 /* Redux-TwitterTests.xctest */ = {isa = PBXFileReference; explicitFileType = wrapper.cfbundle; includeInIndex = 0; path = "Redux-TwitterTests.xctest"; sourceTree = BUILT_PRODUCTS_DIR; };
		2BFFA6E920680155008112A7 /* Redux_TwitterTests.swift */ = {isa = PBXFileReference; lastKnownFileType = sourcecode.swift; path = Redux_TwitterTests.swift; sourceTree = "<group>"; };
		2BFFA6EB20680155008112A7 /* Info.plist */ = {isa = PBXFileReference; lastKnownFileType = text.plist.xml; path = Info.plist; sourceTree = "<group>"; };
		86EBC72F1FFA67D763A25AB6 /* Pods-Redux-TwitterTests.release.xcconfig */ = {isa = PBXFileReference; includeInIndex = 1; lastKnownFileType = text.xcconfig; name = "Pods-Redux-TwitterTests.release.xcconfig"; path = "Pods/Target Support Files/Pods-Redux-TwitterTests/Pods-Redux-TwitterTests.release.xcconfig"; sourceTree = "<group>"; };
		CD30319FA7109CF688CFCB0D /* Pods-Redux-Twitter.release.xcconfig */ = {isa = PBXFileReference; includeInIndex = 1; lastKnownFileType = text.xcconfig; name = "Pods-Redux-Twitter.release.xcconfig"; path = "Pods/Target Support Files/Pods-Redux-Twitter/Pods-Redux-Twitter.release.xcconfig"; sourceTree = "<group>"; };
		CECD103F104B54254AEC7CE5 /* Pods_Redux_TwitterTests.framework */ = {isa = PBXFileReference; explicitFileType = wrapper.framework; includeInIndex = 0; path = Pods_Redux_TwitterTests.framework; sourceTree = BUILT_PRODUCTS_DIR; };
/* End PBXFileReference section */

/* Begin PBXFrameworksBuildPhase section */
		2BFFA6CC20680154008112A7 /* Frameworks */ = {
			isa = PBXFrameworksBuildPhase;
			buildActionMask = 2147483647;
			files = (
				2B9B974F206C0D1400062E9C /* SafariServices.framework in Frameworks */,
				3E6DC188FF5AB065B58768E4 /* Pods_Redux_Twitter.framework in Frameworks */,
			);
			runOnlyForDeploymentPostprocessing = 0;
		};
		2BFFA6E220680155008112A7 /* Frameworks */ = {
			isa = PBXFrameworksBuildPhase;
			buildActionMask = 2147483647;
			files = (
				DC71E459F7BA07FA4B80D751 /* Pods_Redux_TwitterTests.framework in Frameworks */,
			);
			runOnlyForDeploymentPostprocessing = 0;
		};
/* End PBXFrameworksBuildPhase section */

/* Begin PBXGroup section */
		033BAAD78AD953389F72E475 /* Frameworks */ = {
			isa = PBXGroup;
			children = (
				2B9B974E206C0D1400062E9C /* SafariServices.framework */,
				000DE063CA980A2C468C6F32 /* Pods_Redux_Twitter.framework */,
				CECD103F104B54254AEC7CE5 /* Pods_Redux_TwitterTests.framework */,
			);
			name = Frameworks;
			sourceTree = "<group>";
		};
		25A5E49A067592098B8D16A3 /* Pods */ = {
			isa = PBXGroup;
			children = (
				000D5FDD4111E1CD8DAA3F2C /* Pods-Redux-Twitter.debug.xcconfig */,
				CD30319FA7109CF688CFCB0D /* Pods-Redux-Twitter.release.xcconfig */,
				0C3920D4C4680CC75A688675 /* Pods-Redux-TwitterTests.debug.xcconfig */,
				86EBC72F1FFA67D763A25AB6 /* Pods-Redux-TwitterTests.release.xcconfig */,
			);
			name = Pods;
			sourceTree = "<group>";
		};
		2B24ACD12068048F00050091 /* LaunchScreen */ = {
			isa = PBXGroup;
			children = (
				2BFFA6DD20680154008112A7 /* LaunchScreen.storyboard */,
			);
			path = LaunchScreen;
			sourceTree = "<group>";
		};
		2B24ACD82068058C00050091 /* TweetDetail */ = {
			isa = PBXGroup;
			children = (
				2B24ACDF206806AF00050091 /* TweetDetail.storyboard */,
				2B24ACE2206806C500050091 /* TweetDetailViewController.swift */,
			);
			path = TweetDetail;
			sourceTree = "<group>";
		};
		2B9B971F206813EF00062E9C /* Resources */ = {
			isa = PBXGroup;
			children = (
				2B9B97202068141000062E9C /* R.generated.swift */,
			);
			path = Resources;
			sourceTree = "<group>";
		};
		2B9B97232068168500062E9C /* Views */ = {
			isa = PBXGroup;
			children = (
				2B9B9724206816AE00062E9C /* TweetCell */,
			);
			path = Views;
			sourceTree = "<group>";
		};
		2B9B9724206816AE00062E9C /* TweetCell */ = {
			isa = PBXGroup;
			children = (
				2B9B9726206816E300062E9C /* TweetCell.swift */,
				2B9B9727206816E300062E9C /* TweetCell.xib */,
			);
			path = TweetCell;
			sourceTree = "<group>";
		};
		2B9B972C2068171900062E9C /* Extensions */ = {
			isa = PBXGroup;
			children = (
				2B9B972D2068172900062E9C /* UIView+CornerRadius.swift */,
				2B9B9779206F81A700062E9C /* String+Random.swift */,
				2B9B977F206F84A800062E9C /* String+PercentEncoding.swift */,
			);
			path = Extensions;
			sourceTree = "<group>";
		};
		2B9B97302068236B00062E9C /* Globals */ = {
			isa = PBXGroup;
			children = (
				2B9B97312068237400062E9C /* Sizes.swift */,
				2B9B9750206C0E0600062E9C /* Config.swift */,
				2B9B9776206F7CF400062E9C /* TwitterCredentials.swift */,
				2BDA6D21206FBA81001D07BC /* Errors.swift */,
			);
			path = Globals;
			sourceTree = "<group>";
		};
		2B9B973420682C4900062E9C /* Models */ = {
			isa = PBXGroup;
			children = (
				2B9B973820682CC200062E9C /* Tweet.swift */,
			);
			path = Models;
			sourceTree = "<group>";
		};
		2B9B973520682CA400062E9C /* Actions */ = {
			isa = PBXGroup;
			children = (
				2B9B9748206846CC00062E9C /* AuthAction.swift */,
				2B9B976D206D8FD200062E9C /* SearchAction.swift */,
			);
			path = Actions;
			sourceTree = "<group>";
		};
		2B9B973620682CA900062E9C /* Reducers */ = {
			isa = PBXGroup;
			children = (
				2B9B973F2068458A00062E9C /* AuthReducer.swift */,
				2B9B9756206C14A100062E9C /* AppReducer.swift */,
				2B9B9770206D91BC00062E9C /* SearchReducer.swift */,
			);
			path = Reducers;
			sourceTree = "<group>";
		};
		2B9B973720682CAE00062E9C /* States */ = {
			isa = PBXGroup;
			children = (
				2B9B973C2068453B00062E9C /* AuthState.swift */,
				2B9B9745206845E800062E9C /* AppState.swift */,
				2B9B976A206D8FA900062E9C /* SearchState.swift */,
			);
			path = States;
			sourceTree = "<group>";
		};
		2B9B973B2068350500062E9C /* Redux */ = {
			isa = PBXGroup;
			children = (
				2B9B973720682CAE00062E9C /* States */,
				2B9B973620682CA900062E9C /* Reducers */,
				2B9B973520682CA400062E9C /* Actions */,
				2B9B9753206C134400062E9C /* Redux.swift */,
			);
			path = Redux;
			sourceTree = "<group>";
		};
		2B9B974A206C0A3300062E9C /* Services */ = {
			isa = PBXGroup;
			children = (
				2B9B974B206C0A4300062E9C /* LoginProvider.swift */,
				2B9B9773206D92E600062E9C /* SearchProvider.swift */,
				2B9B977C206F81F900062E9C /* OAuthTwitterHeader.swift */,
			);
			path = Services;
			sourceTree = "<group>";
		};
		2B9B975A206D85C700062E9C /* Routes */ = {
			isa = PBXGroup;
			children = (
				2B9B975B206D862F00062E9C /* Router.swift */,
				2B9B975E206D872200062E9C /* RootRoutable.swift */,
				2B9B9761206D87AA00062E9C /* SplashViewRoutable.swift */,
				2B9B9764206D884A00062E9C /* SearchViewRoutable.swift */,
				2B9B9767206D88D600062E9C /* TweetDetailViewRoutable.swift */,
			);
			path = Routes;
			sourceTree = "<group>";
		};
		2BFFA6C620680154008112A7 = {
			isa = PBXGroup;
			children = (
				2BFFA6D120680154008112A7 /* Redux-Twitter */,
				2BFFA6E820680155008112A7 /* Redux-TwitterTests */,
				2BFFA6D020680154008112A7 /* Products */,
				25A5E49A067592098B8D16A3 /* Pods */,
				033BAAD78AD953389F72E475 /* Frameworks */,
			);
			sourceTree = "<group>";
		};
		2BFFA6D020680154008112A7 /* Products */ = {
			isa = PBXGroup;
			children = (
				2BFFA6CF20680154008112A7 /* Redux-Twitter.app */,
				2BFFA6E520680155008112A7 /* Redux-TwitterTests.xctest */,
			);
			name = Products;
			sourceTree = "<group>";
		};
		2BFFA6D120680154008112A7 /* Redux-Twitter */ = {
			isa = PBXGroup;
			children = (
				2B9B974A206C0A3300062E9C /* Services */,
				2B9B975A206D85C700062E9C /* Routes */,
				2B9B973B2068350500062E9C /* Redux */,
				2B9B973420682C4900062E9C /* Models */,
				2B9B97302068236B00062E9C /* Globals */,
				2B9B972C2068171900062E9C /* Extensions */,
				2B9B971F206813EF00062E9C /* Resources */,
				2BFFA6F420680162008112A7 /* Scenes */,
				2BFFA6D220680154008112A7 /* AppDelegate.swift */,
				2BFFA6DB20680154008112A7 /* Assets.xcassets */,
				2BFFA6E020680155008112A7 /* Info.plist */,
			);
			path = "Redux-Twitter";
			sourceTree = "<group>";
		};
		2BFFA6E820680155008112A7 /* Redux-TwitterTests */ = {
			isa = PBXGroup;
			children = (
				2BFFA6E920680155008112A7 /* Redux_TwitterTests.swift */,
				2BFFA6EB20680155008112A7 /* Info.plist */,
			);
			path = "Redux-TwitterTests";
			sourceTree = "<group>";
		};
		2BFFA6F420680162008112A7 /* Scenes */ = {
			isa = PBXGroup;
			children = (
				2B24ACD82068058C00050091 /* TweetDetail */,
				2B24ACD12068048F00050091 /* LaunchScreen */,
				2BFFA6F620680170008112A7 /* Search */,
				2BFFA6F52068016B008112A7 /* Splash */,
			);
			path = Scenes;
			sourceTree = "<group>";
		};
		2BFFA6F52068016B008112A7 /* Splash */ = {
			isa = PBXGroup;
			children = (
				2B24ACD2206804D000050091 /* Splash.storyboard */,
				2B24ACD5206804EF00050091 /* SplashViewController.swift */,
			);
			path = Splash;
			sourceTree = "<group>";
		};
		2BFFA6F620680170008112A7 /* Search */ = {
			isa = PBXGroup;
			children = (
				2B9B97232068168500062E9C /* Views */,
				2B24ACD9206805AE00050091 /* Search.storyboard */,
				2B24ACDC206805E200050091 /* SearchViewController.swift */,
			);
			path = Search;
			sourceTree = "<group>";
		};
/* End PBXGroup section */

/* Begin PBXNativeTarget section */
		2BFFA6CE20680154008112A7 /* Redux-Twitter */ = {
			isa = PBXNativeTarget;
			buildConfigurationList = 2BFFA6EE20680155008112A7 /* Build configuration list for PBXNativeTarget "Redux-Twitter" */;
			buildPhases = (
				A12F478DB366068A0275A289 /* [CP] Check Pods Manifest.lock */,
				2B24ACE52068076D00050091 /* R.swift Script */,
				2BFFA6CB20680154008112A7 /* Sources */,
				2BFFA6CC20680154008112A7 /* Frameworks */,
				2BFFA6CD20680154008112A7 /* Resources */,
				D2736D7AAC049628217F7799 /* [CP] Embed Pods Frameworks */,
				743B89F0FB5143CA34201D2B /* [CP] Copy Pods Resources */,
			);
			buildRules = (
			);
			dependencies = (
			);
			name = "Redux-Twitter";
			productName = "Redux-Twitter";
			productReference = 2BFFA6CF20680154008112A7 /* Redux-Twitter.app */;
			productType = "com.apple.product-type.application";
		};
		2BFFA6E420680155008112A7 /* Redux-TwitterTests */ = {
			isa = PBXNativeTarget;
			buildConfigurationList = 2BFFA6F120680155008112A7 /* Build configuration list for PBXNativeTarget "Redux-TwitterTests" */;
			buildPhases = (
				54CBAA9170843677FD6C33C0 /* [CP] Check Pods Manifest.lock */,
				2BFFA6E120680155008112A7 /* Sources */,
				2BFFA6E220680155008112A7 /* Frameworks */,
				2BFFA6E320680155008112A7 /* Resources */,
				E591C528108674928D57821D /* [CP] Embed Pods Frameworks */,
				75D68E16D9F7F59CB61BC4CD /* [CP] Copy Pods Resources */,
			);
			buildRules = (
			);
			dependencies = (
				2BFFA6E720680155008112A7 /* PBXTargetDependency */,
			);
			name = "Redux-TwitterTests";
			productName = "Redux-TwitterTests";
			productReference = 2BFFA6E520680155008112A7 /* Redux-TwitterTests.xctest */;
			productType = "com.apple.product-type.bundle.unit-test";
		};
/* End PBXNativeTarget section */

/* Begin PBXProject section */
		2BFFA6C720680154008112A7 /* Project object */ = {
			isa = PBXProject;
			attributes = {
				LastSwiftUpdateCheck = 0920;
				LastUpgradeCheck = 0920;
				ORGANIZATIONNAME = "Goktug Gumus";
				TargetAttributes = {
					2BFFA6CE20680154008112A7 = {
						CreatedOnToolsVersion = 9.2;
						ProvisioningStyle = Automatic;
					};
					2BFFA6E420680155008112A7 = {
						CreatedOnToolsVersion = 9.2;
						ProvisioningStyle = Automatic;
						TestTargetID = 2BFFA6CE20680154008112A7;
					};
				};
			};
			buildConfigurationList = 2BFFA6CA20680154008112A7 /* Build configuration list for PBXProject "Redux-Twitter" */;
			compatibilityVersion = "Xcode 8.0";
			developmentRegion = en;
			hasScannedForEncodings = 0;
			knownRegions = (
				en,
				Base,
			);
			mainGroup = 2BFFA6C620680154008112A7;
			productRefGroup = 2BFFA6D020680154008112A7 /* Products */;
			projectDirPath = "";
			projectRoot = "";
			targets = (
				2BFFA6CE20680154008112A7 /* Redux-Twitter */,
				2BFFA6E420680155008112A7 /* Redux-TwitterTests */,
			);
		};
/* End PBXProject section */

/* Begin PBXResourcesBuildPhase section */
		2BFFA6CD20680154008112A7 /* Resources */ = {
			isa = PBXResourcesBuildPhase;
			buildActionMask = 2147483647;
			files = (
				2B9B972A206816E300062E9C /* TweetCell.xib in Resources */,
				2BFFA6DF20680154008112A7 /* LaunchScreen.storyboard in Resources */,
				2BFFA6DC20680154008112A7 /* Assets.xcassets in Resources */,
				2B24ACDA206805AE00050091 /* Search.storyboard in Resources */,
				2B24ACE0206806AF00050091 /* TweetDetail.storyboard in Resources */,
				2B24ACD3206804D000050091 /* Splash.storyboard in Resources */,
			);
			runOnlyForDeploymentPostprocessing = 0;
		};
		2BFFA6E320680155008112A7 /* Resources */ = {
			isa = PBXResourcesBuildPhase;
			buildActionMask = 2147483647;
			files = (
				2B9B972B206816E300062E9C /* TweetCell.xib in Resources */,
				2B24ACDB206805AE00050091 /* Search.storyboard in Resources */,
				2B24ACD4206804D000050091 /* Splash.storyboard in Resources */,
				2B24ACE1206806AF00050091 /* TweetDetail.storyboard in Resources */,
			);
			runOnlyForDeploymentPostprocessing = 0;
		};
/* End PBXResourcesBuildPhase section */

/* Begin PBXShellScriptBuildPhase section */
		2B24ACE52068076D00050091 /* R.swift Script */ = {
			isa = PBXShellScriptBuildPhase;
			buildActionMask = 2147483647;
			files = (
			);
			inputPaths = (
			);
			name = "R.swift Script";
			outputPaths = (
			);
			runOnlyForDeploymentPostprocessing = 0;
			shellPath = /bin/sh;
			shellScript = "\"$PODS_ROOT/R.swift/rswift\" generate \"$SRCROOT\"";
		};
		54CBAA9170843677FD6C33C0 /* [CP] Check Pods Manifest.lock */ = {
			isa = PBXShellScriptBuildPhase;
			buildActionMask = 2147483647;
			files = (
			);
			inputPaths = (
				"${PODS_PODFILE_DIR_PATH}/Podfile.lock",
				"${PODS_ROOT}/Manifest.lock",
			);
			name = "[CP] Check Pods Manifest.lock";
			outputPaths = (
				"$(DERIVED_FILE_DIR)/Pods-Redux-TwitterTests-checkManifestLockResult.txt",
			);
			runOnlyForDeploymentPostprocessing = 0;
			shellPath = /bin/sh;
			shellScript = "diff \"${PODS_PODFILE_DIR_PATH}/Podfile.lock\" \"${PODS_ROOT}/Manifest.lock\" > /dev/null\nif [ $? != 0 ] ; then\n    # print error to STDERR\n    echo \"error: The sandbox is not in sync with the Podfile.lock. Run 'pod install' or update your CocoaPods installation.\" >&2\n    exit 1\nfi\n# This output is used by Xcode 'outputs' to avoid re-running this script phase.\necho \"SUCCESS\" > \"${SCRIPT_OUTPUT_FILE_0}\"\n";
			showEnvVarsInLog = 0;
		};
		743B89F0FB5143CA34201D2B /* [CP] Copy Pods Resources */ = {
			isa = PBXShellScriptBuildPhase;
			buildActionMask = 2147483647;
			files = (
			);
			inputPaths = (
				"${SRCROOT}/Pods/Target Support Files/Pods-Redux-Twitter/Pods-Redux-Twitter-resources.sh",
				"${PODS_ROOT}/TwitterKit/iOS/TwitterKit.framework/TwitterKitResources.bundle",
				"${PODS_ROOT}/TwitterKit/iOS/TwitterKit.framework/TwitterShareExtensionUIResources.bundle",
			);
			name = "[CP] Copy Pods Resources";
			outputPaths = (
				"${TARGET_BUILD_DIR}/${UNLOCALIZED_RESOURCES_FOLDER_PATH}",
			);
			runOnlyForDeploymentPostprocessing = 0;
			shellPath = /bin/sh;
			shellScript = "\"${SRCROOT}/Pods/Target Support Files/Pods-Redux-Twitter/Pods-Redux-Twitter-resources.sh\"\n";
			showEnvVarsInLog = 0;
		};
		75D68E16D9F7F59CB61BC4CD /* [CP] Copy Pods Resources */ = {
			isa = PBXShellScriptBuildPhase;
			buildActionMask = 2147483647;
			files = (
			);
			inputPaths = (
			);
			name = "[CP] Copy Pods Resources";
			outputPaths = (
			);
			runOnlyForDeploymentPostprocessing = 0;
			shellPath = /bin/sh;
			shellScript = "\"${SRCROOT}/Pods/Target Support Files/Pods-Redux-TwitterTests/Pods-Redux-TwitterTests-resources.sh\"\n";
			showEnvVarsInLog = 0;
		};
		A12F478DB366068A0275A289 /* [CP] Check Pods Manifest.lock */ = {
			isa = PBXShellScriptBuildPhase;
			buildActionMask = 2147483647;
			files = (
			);
			inputPaths = (
				"${PODS_PODFILE_DIR_PATH}/Podfile.lock",
				"${PODS_ROOT}/Manifest.lock",
			);
			name = "[CP] Check Pods Manifest.lock";
			outputPaths = (
				"$(DERIVED_FILE_DIR)/Pods-Redux-Twitter-checkManifestLockResult.txt",
			);
			runOnlyForDeploymentPostprocessing = 0;
			shellPath = /bin/sh;
			shellScript = "diff \"${PODS_PODFILE_DIR_PATH}/Podfile.lock\" \"${PODS_ROOT}/Manifest.lock\" > /dev/null\nif [ $? != 0 ] ; then\n    # print error to STDERR\n    echo \"error: The sandbox is not in sync with the Podfile.lock. Run 'pod install' or update your CocoaPods installation.\" >&2\n    exit 1\nfi\n# This output is used by Xcode 'outputs' to avoid re-running this script phase.\necho \"SUCCESS\" > \"${SCRIPT_OUTPUT_FILE_0}\"\n";
			showEnvVarsInLog = 0;
		};
		D2736D7AAC049628217F7799 /* [CP] Embed Pods Frameworks */ = {
			isa = PBXShellScriptBuildPhase;
			buildActionMask = 2147483647;
			files = (
			);
			inputPaths = (
				"${SRCROOT}/Pods/Target Support Files/Pods-Redux-Twitter/Pods-Redux-Twitter-frameworks.sh",
				"${BUILT_PRODUCTS_DIR}/Alamofire/Alamofire.framework",
				"${BUILT_PRODUCTS_DIR}/CryptoSwift/CryptoSwift.framework",
				"${BUILT_PRODUCTS_DIR}/IQKeyboardManagerSwift/IQKeyboardManagerSwift.framework",
				"${BUILT_PRODUCTS_DIR}/Kingfisher/Kingfisher.framework",
				"${BUILT_PRODUCTS_DIR}/Moya/Moya.framework",
				"${BUILT_PRODUCTS_DIR}/ObjectMapper/ObjectMapper.framework",
				"${BUILT_PRODUCTS_DIR}/PullToRefreshKit/PullToRefreshKit.framework",
				"${BUILT_PRODUCTS_DIR}/R.swift.Library/Rswift.framework",
				"${BUILT_PRODUCTS_DIR}/ReSwift/ReSwift.framework",
				"${BUILT_PRODUCTS_DIR}/ReSwiftRouter/ReSwiftRouter.framework",
				"${BUILT_PRODUCTS_DIR}/Result/Result.framework",
				"${BUILT_PRODUCTS_DIR}/RxCocoa/RxCocoa.framework",
				"${BUILT_PRODUCTS_DIR}/RxSwift/RxSwift.framework",
				"${BUILT_PRODUCTS_DIR}/SnapKit/SnapKit.framework",
				"${PODS_ROOT}/TwitterCore/iOS/TwitterCore.framework",
				"${PODS_ROOT}/TwitterKit/iOS/TwitterKit.framework",
			);
			name = "[CP] Embed Pods Frameworks";
			outputPaths = (
				"${TARGET_BUILD_DIR}/${FRAMEWORKS_FOLDER_PATH}/Alamofire.framework",
				"${TARGET_BUILD_DIR}/${FRAMEWORKS_FOLDER_PATH}/CryptoSwift.framework",
				"${TARGET_BUILD_DIR}/${FRAMEWORKS_FOLDER_PATH}/IQKeyboardManagerSwift.framework",
				"${TARGET_BUILD_DIR}/${FRAMEWORKS_FOLDER_PATH}/Kingfisher.framework",
				"${TARGET_BUILD_DIR}/${FRAMEWORKS_FOLDER_PATH}/Moya.framework",
				"${TARGET_BUILD_DIR}/${FRAMEWORKS_FOLDER_PATH}/ObjectMapper.framework",
				"${TARGET_BUILD_DIR}/${FRAMEWORKS_FOLDER_PATH}/PullToRefreshKit.framework",
				"${TARGET_BUILD_DIR}/${FRAMEWORKS_FOLDER_PATH}/Rswift.framework",
				"${TARGET_BUILD_DIR}/${FRAMEWORKS_FOLDER_PATH}/ReSwift.framework",
				"${TARGET_BUILD_DIR}/${FRAMEWORKS_FOLDER_PATH}/ReSwiftRouter.framework",
				"${TARGET_BUILD_DIR}/${FRAMEWORKS_FOLDER_PATH}/Result.framework",
				"${TARGET_BUILD_DIR}/${FRAMEWORKS_FOLDER_PATH}/RxCocoa.framework",
				"${TARGET_BUILD_DIR}/${FRAMEWORKS_FOLDER_PATH}/RxSwift.framework",
				"${TARGET_BUILD_DIR}/${FRAMEWORKS_FOLDER_PATH}/SnapKit.framework",
				"${TARGET_BUILD_DIR}/${FRAMEWORKS_FOLDER_PATH}/TwitterCore.framework",
				"${TARGET_BUILD_DIR}/${FRAMEWORKS_FOLDER_PATH}/TwitterKit.framework",
			);
			runOnlyForDeploymentPostprocessing = 0;
			shellPath = /bin/sh;
			shellScript = "\"${SRCROOT}/Pods/Target Support Files/Pods-Redux-Twitter/Pods-Redux-Twitter-frameworks.sh\"\n";
			showEnvVarsInLog = 0;
		};
		E591C528108674928D57821D /* [CP] Embed Pods Frameworks */ = {
			isa = PBXShellScriptBuildPhase;
			buildActionMask = 2147483647;
			files = (
			);
			inputPaths = (
				"${SRCROOT}/Pods/Target Support Files/Pods-Redux-TwitterTests/Pods-Redux-TwitterTests-frameworks.sh",
				"${BUILT_PRODUCTS_DIR}/Alamofire/Alamofire.framework",
				"${BUILT_PRODUCTS_DIR}/IQKeyboardManagerSwift/IQKeyboardManagerSwift.framework",
				"${BUILT_PRODUCTS_DIR}/Kingfisher/Kingfisher.framework",
				"${BUILT_PRODUCTS_DIR}/Moya/Moya.framework",
				"${BUILT_PRODUCTS_DIR}/ObjectMapper/ObjectMapper.framework",
				"${BUILT_PRODUCTS_DIR}/R.swift.Library/Rswift.framework",
				"${BUILT_PRODUCTS_DIR}/Result/Result.framework",
				"${BUILT_PRODUCTS_DIR}/SnapKit/SnapKit.framework",
			);
			name = "[CP] Embed Pods Frameworks";
			outputPaths = (
				"${TARGET_BUILD_DIR}/${FRAMEWORKS_FOLDER_PATH}/Alamofire.framework",
				"${TARGET_BUILD_DIR}/${FRAMEWORKS_FOLDER_PATH}/IQKeyboardManagerSwift.framework",
				"${TARGET_BUILD_DIR}/${FRAMEWORKS_FOLDER_PATH}/Kingfisher.framework",
				"${TARGET_BUILD_DIR}/${FRAMEWORKS_FOLDER_PATH}/Moya.framework",
				"${TARGET_BUILD_DIR}/${FRAMEWORKS_FOLDER_PATH}/ObjectMapper.framework",
				"${TARGET_BUILD_DIR}/${FRAMEWORKS_FOLDER_PATH}/Rswift.framework",
				"${TARGET_BUILD_DIR}/${FRAMEWORKS_FOLDER_PATH}/Result.framework",
				"${TARGET_BUILD_DIR}/${FRAMEWORKS_FOLDER_PATH}/SnapKit.framework",
			);
			runOnlyForDeploymentPostprocessing = 0;
			shellPath = /bin/sh;
			shellScript = "\"${SRCROOT}/Pods/Target Support Files/Pods-Redux-TwitterTests/Pods-Redux-TwitterTests-frameworks.sh\"\n";
			showEnvVarsInLog = 0;
		};
/* End PBXShellScriptBuildPhase section */

/* Begin PBXSourcesBuildPhase section */
		2BFFA6CB20680154008112A7 /* Sources */ = {
			isa = PBXSourcesBuildPhase;
			buildActionMask = 2147483647;
			files = (
				2B24ACDD206805E200050091 /* SearchViewController.swift in Sources */,
				2B24ACE3206806C500050091 /* TweetDetailViewController.swift in Sources */,
				2B9B9757206C14A100062E9C /* AppReducer.swift in Sources */,
				2B9B9751206C0E0600062E9C /* Config.swift in Sources */,
				2B9B975C206D862F00062E9C /* Router.swift in Sources */,
				2B9B9780206F84A800062E9C /* String+PercentEncoding.swift in Sources */,
				2B9B9768206D88D600062E9C /* TweetDetailViewRoutable.swift in Sources */,
				2B9B97212068141000062E9C /* R.generated.swift in Sources */,
				2B9B9746206845E800062E9C /* AppState.swift in Sources */,
				2B9B973920682CC200062E9C /* Tweet.swift in Sources */,
				2B9B977A206F81A700062E9C /* String+Random.swift in Sources */,
				2B9B97402068458A00062E9C /* AuthReducer.swift in Sources */,
				2B9B9749206846CC00062E9C /* AuthAction.swift in Sources */,
				2BDA6D22206FBA81001D07BC /* Errors.swift in Sources */,
				2BFFA6D320680154008112A7 /* AppDelegate.swift in Sources */,
				2B9B975F206D872200062E9C /* RootRoutable.swift in Sources */,
				2B9B97322068237400062E9C /* Sizes.swift in Sources */,
				2B9B9765206D884A00062E9C /* SearchViewRoutable.swift in Sources */,
				2B9B9728206816E300062E9C /* TweetCell.swift in Sources */,
				2B9B9774206D92E600062E9C /* SearchProvider.swift in Sources */,
				2B9B973D2068453B00062E9C /* AuthState.swift in Sources */,
				2B9B9777206F7CF400062E9C /* TwitterCredentials.swift in Sources */,
				2B9B976E206D8FD200062E9C /* SearchAction.swift in Sources */,
				2B9B972E2068172900062E9C /* UIView+CornerRadius.swift in Sources */,
				2B9B9762206D87AA00062E9C /* SplashViewRoutable.swift in Sources */,
				2B9B976B206D8FA900062E9C /* SearchState.swift in Sources */,
				2B9B977D206F81F900062E9C /* OAuthTwitterHeader.swift in Sources */,
				2B9B9771206D91BC00062E9C /* SearchReducer.swift in Sources */,
				2B24ACD6206804EF00050091 /* SplashViewController.swift in Sources */,
				2B9B9754206C134400062E9C /* Redux.swift in Sources */,
				2B9B974C206C0A4300062E9C /* LoginProvider.swift in Sources */,
			);
			runOnlyForDeploymentPostprocessing = 0;
		};
		2BFFA6E120680155008112A7 /* Sources */ = {
			isa = PBXSourcesBuildPhase;
			buildActionMask = 2147483647;
			files = (
				2B24ACDE206805E200050091 /* SearchViewController.swift in Sources */,
				2B9B974D206C0A4300062E9C /* LoginProvider.swift in Sources */,
				2B9B9755206C134400062E9C /* Redux.swift in Sources */,
				2B9B9759206D74D400062E9C /* AuthAction.swift in Sources */,
				2B9B975D206D862F00062E9C /* Router.swift in Sources */,
				2B9B9781206F84A800062E9C /* String+PercentEncoding.swift in Sources */,
				2B9B9769206D88D600062E9C /* TweetDetailViewRoutable.swift in Sources */,
				2B24ACE4206806C500050091 /* TweetDetailViewController.swift in Sources */,
				2B9B9752206C0E0600062E9C /* Config.swift in Sources */,
				2B9B97222068141000062E9C /* R.generated.swift in Sources */,
				2B9B977B206F81A700062E9C /* String+Random.swift in Sources */,
				2B9B9758206C14A100062E9C /* AppReducer.swift in Sources */,
				2B9B9747206845E800062E9C /* AppState.swift in Sources */,
				2BDA6D23206FBA81001D07BC /* Errors.swift in Sources */,
				2B9B973A20682CC200062E9C /* Tweet.swift in Sources */,
				2B9B9760206D872200062E9C /* RootRoutable.swift in Sources */,
				2B9B97412068458A00062E9C /* AuthReducer.swift in Sources */,
				2B9B9766206D884A00062E9C /* SearchViewRoutable.swift in Sources */,
				2BFFA6EA20680155008112A7 /* Redux_TwitterTests.swift in Sources */,
				2B9B9775206D92E600062E9C /* SearchProvider.swift in Sources */,
				2B9B97332068237400062E9C /* Sizes.swift in Sources */,
				2B9B9778206F7CF400062E9C /* TwitterCredentials.swift in Sources */,
				2B9B976F206D8FD200062E9C /* SearchAction.swift in Sources */,
				2B9B9729206816E300062E9C /* TweetCell.swift in Sources */,
				2B9B9763206D87AA00062E9C /* SplashViewRoutable.swift in Sources */,
				2B9B976C206D8FA900062E9C /* SearchState.swift in Sources */,
				2B9B977E206F81F900062E9C /* OAuthTwitterHeader.swift in Sources */,
				2B9B9772206D91BC00062E9C /* SearchReducer.swift in Sources */,
				2B9B973E2068453B00062E9C /* AuthState.swift in Sources */,
				2B9B972F2068172900062E9C /* UIView+CornerRadius.swift in Sources */,
				2B24ACD7206804EF00050091 /* SplashViewController.swift in Sources */,
			);
			runOnlyForDeploymentPostprocessing = 0;
		};
/* End PBXSourcesBuildPhase section */

/* Begin PBXTargetDependency section */
		2BFFA6E720680155008112A7 /* PBXTargetDependency */ = {
			isa = PBXTargetDependency;
			target = 2BFFA6CE20680154008112A7 /* Redux-Twitter */;
			targetProxy = 2BFFA6E620680155008112A7 /* PBXContainerItemProxy */;
		};
/* End PBXTargetDependency section */

/* Begin PBXVariantGroup section */
		2BFFA6DD20680154008112A7 /* LaunchScreen.storyboard */ = {
			isa = PBXVariantGroup;
			children = (
				2BFFA6DE20680154008112A7 /* Base */,
			);
			name = LaunchScreen.storyboard;
			sourceTree = "<group>";
		};
/* End PBXVariantGroup section */

/* Begin XCBuildConfiguration section */
		2BFFA6EC20680155008112A7 /* Debug */ = {
			isa = XCBuildConfiguration;
			buildSettings = {
				ALWAYS_SEARCH_USER_PATHS = NO;
				CLANG_ANALYZER_NONNULL = YES;
				CLANG_ANALYZER_NUMBER_OBJECT_CONVERSION = YES_AGGRESSIVE;
				CLANG_CXX_LANGUAGE_STANDARD = "gnu++14";
				CLANG_CXX_LIBRARY = "libc++";
				CLANG_ENABLE_MODULES = YES;
				CLANG_ENABLE_OBJC_ARC = YES;
				CLANG_WARN_BLOCK_CAPTURE_AUTORELEASING = YES;
				CLANG_WARN_BOOL_CONVERSION = YES;
				CLANG_WARN_COMMA = YES;
				CLANG_WARN_CONSTANT_CONVERSION = YES;
				CLANG_WARN_DIRECT_OBJC_ISA_USAGE = YES_ERROR;
				CLANG_WARN_DOCUMENTATION_COMMENTS = YES;
				CLANG_WARN_EMPTY_BODY = YES;
				CLANG_WARN_ENUM_CONVERSION = YES;
				CLANG_WARN_INFINITE_RECURSION = YES;
				CLANG_WARN_INT_CONVERSION = YES;
				CLANG_WARN_NON_LITERAL_NULL_CONVERSION = YES;
				CLANG_WARN_OBJC_LITERAL_CONVERSION = YES;
				CLANG_WARN_OBJC_ROOT_CLASS = YES_ERROR;
				CLANG_WARN_RANGE_LOOP_ANALYSIS = YES;
				CLANG_WARN_STRICT_PROTOTYPES = YES;
				CLANG_WARN_SUSPICIOUS_MOVE = YES;
				CLANG_WARN_UNGUARDED_AVAILABILITY = YES_AGGRESSIVE;
				CLANG_WARN_UNREACHABLE_CODE = YES;
				CLANG_WARN__DUPLICATE_METHOD_MATCH = YES;
				CODE_SIGN_IDENTITY = "iPhone Developer";
				COPY_PHASE_STRIP = NO;
				DEBUG_INFORMATION_FORMAT = dwarf;
				ENABLE_STRICT_OBJC_MSGSEND = YES;
				ENABLE_TESTABILITY = YES;
				GCC_C_LANGUAGE_STANDARD = gnu11;
				GCC_DYNAMIC_NO_PIC = NO;
				GCC_NO_COMMON_BLOCKS = YES;
				GCC_OPTIMIZATION_LEVEL = 0;
				GCC_PREPROCESSOR_DEFINITIONS = (
					"DEBUG=1",
					"$(inherited)",
				);
				GCC_WARN_64_TO_32_BIT_CONVERSION = YES;
				GCC_WARN_ABOUT_RETURN_TYPE = YES_ERROR;
				GCC_WARN_UNDECLARED_SELECTOR = YES;
				GCC_WARN_UNINITIALIZED_AUTOS = YES_AGGRESSIVE;
				GCC_WARN_UNUSED_FUNCTION = YES;
				GCC_WARN_UNUSED_VARIABLE = YES;
				IPHONEOS_DEPLOYMENT_TARGET = 9.0;
				MTL_ENABLE_DEBUG_INFO = YES;
				ONLY_ACTIVE_ARCH = YES;
				SDKROOT = iphoneos;
				SWIFT_ACTIVE_COMPILATION_CONDITIONS = DEBUG;
				SWIFT_OPTIMIZATION_LEVEL = "-Onone";
				SWIFT_VERSION = 4.0;
			};
			name = Debug;
		};
		2BFFA6ED20680155008112A7 /* Release */ = {
			isa = XCBuildConfiguration;
			buildSettings = {
				ALWAYS_SEARCH_USER_PATHS = NO;
				CLANG_ANALYZER_NONNULL = YES;
				CLANG_ANALYZER_NUMBER_OBJECT_CONVERSION = YES_AGGRESSIVE;
				CLANG_CXX_LANGUAGE_STANDARD = "gnu++14";
				CLANG_CXX_LIBRARY = "libc++";
				CLANG_ENABLE_MODULES = YES;
				CLANG_ENABLE_OBJC_ARC = YES;
				CLANG_WARN_BLOCK_CAPTURE_AUTORELEASING = YES;
				CLANG_WARN_BOOL_CONVERSION = YES;
				CLANG_WARN_COMMA = YES;
				CLANG_WARN_CONSTANT_CONVERSION = YES;
				CLANG_WARN_DIRECT_OBJC_ISA_USAGE = YES_ERROR;
				CLANG_WARN_DOCUMENTATION_COMMENTS = YES;
				CLANG_WARN_EMPTY_BODY = YES;
				CLANG_WARN_ENUM_CONVERSION = YES;
				CLANG_WARN_INFINITE_RECURSION = YES;
				CLANG_WARN_INT_CONVERSION = YES;
				CLANG_WARN_NON_LITERAL_NULL_CONVERSION = YES;
				CLANG_WARN_OBJC_LITERAL_CONVERSION = YES;
				CLANG_WARN_OBJC_ROOT_CLASS = YES_ERROR;
				CLANG_WARN_RANGE_LOOP_ANALYSIS = YES;
				CLANG_WARN_STRICT_PROTOTYPES = YES;
				CLANG_WARN_SUSPICIOUS_MOVE = YES;
				CLANG_WARN_UNGUARDED_AVAILABILITY = YES_AGGRESSIVE;
				CLANG_WARN_UNREACHABLE_CODE = YES;
				CLANG_WARN__DUPLICATE_METHOD_MATCH = YES;
				CODE_SIGN_IDENTITY = "iPhone Developer";
				COPY_PHASE_STRIP = NO;
				DEBUG_INFORMATION_FORMAT = "dwarf-with-dsym";
				ENABLE_NS_ASSERTIONS = NO;
				ENABLE_STRICT_OBJC_MSGSEND = YES;
				GCC_C_LANGUAGE_STANDARD = gnu11;
				GCC_NO_COMMON_BLOCKS = YES;
				GCC_WARN_64_TO_32_BIT_CONVERSION = YES;
				GCC_WARN_ABOUT_RETURN_TYPE = YES_ERROR;
				GCC_WARN_UNDECLARED_SELECTOR = YES;
				GCC_WARN_UNINITIALIZED_AUTOS = YES_AGGRESSIVE;
				GCC_WARN_UNUSED_FUNCTION = YES;
				GCC_WARN_UNUSED_VARIABLE = YES;
				IPHONEOS_DEPLOYMENT_TARGET = 9.0;
				MTL_ENABLE_DEBUG_INFO = NO;
				SDKROOT = iphoneos;
				SWIFT_OPTIMIZATION_LEVEL = "-Owholemodule";
				SWIFT_VERSION = 4.0;
				VALIDATE_PRODUCT = YES;
			};
			name = Release;
		};
		2BFFA6EF20680155008112A7 /* Debug */ = {
			isa = XCBuildConfiguration;
			baseConfigurationReference = 000D5FDD4111E1CD8DAA3F2C /* Pods-Redux-Twitter.debug.xcconfig */;
			buildSettings = {
				ASSETCATALOG_COMPILER_APPICON_NAME = AppIcon;
				CODE_SIGN_STYLE = Automatic;
				DEVELOPMENT_TEAM = 9C3CMHG8ER;
				INFOPLIST_FILE = "Redux-Twitter/Info.plist";
				IPHONEOS_DEPLOYMENT_TARGET = 9.0;
				LD_RUNPATH_SEARCH_PATHS = "$(inherited) @executable_path/Frameworks";
				PRODUCT_BUNDLE_IDENTIFIER = "com.goktuggumus.Redux-Twitter";
				PRODUCT_NAME = "$(TARGET_NAME)";
				SWIFT_VERSION = 4.0;
				TARGETED_DEVICE_FAMILY = "1,2";
			};
			name = Debug;
		};
		2BFFA6F020680155008112A7 /* Release */ = {
			isa = XCBuildConfiguration;
			baseConfigurationReference = CD30319FA7109CF688CFCB0D /* Pods-Redux-Twitter.release.xcconfig */;
			buildSettings = {
				ASSETCATALOG_COMPILER_APPICON_NAME = AppIcon;
				CODE_SIGN_STYLE = Automatic;
				DEVELOPMENT_TEAM = 9C3CMHG8ER;
				INFOPLIST_FILE = "Redux-Twitter/Info.plist";
				IPHONEOS_DEPLOYMENT_TARGET = 9.0;
				LD_RUNPATH_SEARCH_PATHS = "$(inherited) @executable_path/Frameworks";
				PRODUCT_BUNDLE_IDENTIFIER = "com.goktuggumus.Redux-Twitter";
				PRODUCT_NAME = "$(TARGET_NAME)";
				SWIFT_VERSION = 4.0;
				TARGETED_DEVICE_FAMILY = "1,2";
			};
			name = Release;
		};
		2BFFA6F220680155008112A7 /* Debug */ = {
			isa = XCBuildConfiguration;
			baseConfigurationReference = 0C3920D4C4680CC75A688675 /* Pods-Redux-TwitterTests.debug.xcconfig */;
			buildSettings = {
				ALWAYS_EMBED_SWIFT_STANDARD_LIBRARIES = "$(inherited)";
				BUNDLE_LOADER = "$(TEST_HOST)";
				CODE_SIGN_STYLE = Automatic;
				DEVELOPMENT_TEAM = 9C3CMHG8ER;
				INFOPLIST_FILE = "Redux-TwitterTests/Info.plist";
				LD_RUNPATH_SEARCH_PATHS = "$(inherited) @executable_path/Frameworks @loader_path/Frameworks";
				PRODUCT_BUNDLE_IDENTIFIER = "com.goktuggumus.Redux-TwitterTests";
				PRODUCT_NAME = "$(TARGET_NAME)";
				SWIFT_VERSION = 4.0;
				TARGETED_DEVICE_FAMILY = "1,2";
				TEST_HOST = "$(BUILT_PRODUCTS_DIR)/Redux-Twitter.app/Redux-Twitter";
			};
			name = Debug;
		};
		2BFFA6F320680155008112A7 /* Release */ = {
			isa = XCBuildConfiguration;
			baseConfigurationReference = 86EBC72F1FFA67D763A25AB6 /* Pods-Redux-TwitterTests.release.xcconfig */;
			buildSettings = {
				ALWAYS_EMBED_SWIFT_STANDARD_LIBRARIES = "$(inherited)";
				BUNDLE_LOADER = "$(TEST_HOST)";
				CODE_SIGN_STYLE = Automatic;
				DEVELOPMENT_TEAM = 9C3CMHG8ER;
				INFOPLIST_FILE = "Redux-TwitterTests/Info.plist";
				LD_RUNPATH_SEARCH_PATHS = "$(inherited) @executable_path/Frameworks @loader_path/Frameworks";
				PRODUCT_BUNDLE_IDENTIFIER = "com.goktuggumus.Redux-TwitterTests";
				PRODUCT_NAME = "$(TARGET_NAME)";
				SWIFT_VERSION = 4.0;
				TARGETED_DEVICE_FAMILY = "1,2";
				TEST_HOST = "$(BUILT_PRODUCTS_DIR)/Redux-Twitter.app/Redux-Twitter";
			};
			name = Release;
		};
/* End XCBuildConfiguration section */

/* Begin XCConfigurationList section */
		2BFFA6CA20680154008112A7 /* Build configuration list for PBXProject "Redux-Twitter" */ = {
			isa = XCConfigurationList;
			buildConfigurations = (
				2BFFA6EC20680155008112A7 /* Debug */,
				2BFFA6ED20680155008112A7 /* Release */,
			);
			defaultConfigurationIsVisible = 0;
			defaultConfigurationName = Release;
		};
		2BFFA6EE20680155008112A7 /* Build configuration list for PBXNativeTarget "Redux-Twitter" */ = {
			isa = XCConfigurationList;
			buildConfigurations = (
				2BFFA6EF20680155008112A7 /* Debug */,
				2BFFA6F020680155008112A7 /* Release */,
			);
			defaultConfigurationIsVisible = 0;
			defaultConfigurationName = Release;
		};
		2BFFA6F120680155008112A7 /* Build configuration list for PBXNativeTarget "Redux-TwitterTests" */ = {
			isa = XCConfigurationList;
			buildConfigurations = (
				2BFFA6F220680155008112A7 /* Debug */,
				2BFFA6F320680155008112A7 /* Release */,
			);
			defaultConfigurationIsVisible = 0;
			defaultConfigurationName = Release;
		};
/* End XCConfigurationList section */
	};
	rootObject = 2BFFA6C720680154008112A7 /* Project object */;
}
